<?xml version="1.0" encoding="utf-8"?>
<Project ToolsVersion="4.0" xmlns="http://schemas.microsoft.com/developer/msbuild/2003">
  <ItemGroup>
    <Filter Include="Pigeon">
      <UniqueIdentifier>{67FB21CA-539D-4CA0-3C58-60F42899D3F0}</UniqueIdentifier>
    </Filter>
  </ItemGroup>
  <ItemGroup>
    <ClInclude Include="src\Pigeon.h" />
    <ClInclude Include="src\Pigeon\Application.h">
      <Filter>Pigeon</Filter>
    </ClInclude>
    <ClInclude Include="src\Pigeon\Core.h">
      <Filter>Pigeon</Filter>
    </ClInclude>
    <ClInclude Include="src\Pigeon\EntryPoint.h">
      <Filter>Pigeon</Filter>
    </ClInclude>
    <ClInclude Include="src\Pigeon\Log.h">
      <Filter>Pigeon</Filter>
    </ClInclude>
  </ItemGroup>
  <ItemGroup>
    <ClCompile Include="src\Pigeon\Application.cpp">
      <Filter>Pigeon</Filter>
    </ClCompile>
    <ClCompile Include="src\Pigeon\Log.cpp">
      <Filter>Pigeon</Filter>
    </ClCompile>
  </ItemGroup>
</Project>